
Microsoft Visual Studio Solution File, Format Version 12.00
# Visual Studio Version 17
VisualStudioVersion = 17.0.31903.59
MinimumVisualStudioVersion = 10.0.40219.1
Project("{FAE04EC0-301F-11D3-BF4B-00C04F79EFBC}") = "Reproduction.Tests", "Reproduction.Tests\Reproduction.Tests.csproj", "{E017F093-9948-41E0-8677-EE240A7B174E}"
EndProject
Global
	GlobalSection(SolutionConfigurationPlatforms) = preSolution
		Debug|Any CPU = Debug|Any CPU
		Release|Any CPU = Release|Any CPU
	EndGlobalSection
	GlobalSection(SolutionProperties) = preSolution
		HideSolutionNode = FALSE
	EndGlobalSection
	GlobalSection(ProjectConfigurationPlatforms) = postSolution
		{E017F093-9948-41E0-8677-EE240A7B174E}.Debug|Any CPU.ActiveCfg = Debug|Any CPU
		{E017F093-9948-41E0-8677-EE240A7B174E}.Debug|Any CPU.Build.0 = Debug|Any CPU
		{E017F093-9948-41E0-8677-EE240A7B174E}.Release|Any CPU.ActiveCfg = Release|Any CPU
		{E017F093-9948-41E0-8677-EE240A7B174E}.Release|Any CPU.Build.0 = Release|Any CPU
	EndGlobalSection
EndGlobal
